
Microsoft Visual Studio Solution File, Format Version 12.00
# Visual Studio 2013
VisualStudioVersion = 12.0.30110.0
MinimumVisualStudioVersion = 10.0.40219.1
Project("{8BC9CEB8-8B4A-11D0-8D11-00A0C91BC942}") = "HoMM3MapFilter", "HoMM3MapFilter\HoMM3MapFilter.vcxproj", "{9F19FDF6-D885-467C-AB9C-FF9DC2B3F9BD}"
EndProject
Project("{2150E333-8FDC-42A3-9474-1A3956D46DE8}") = "Solution Items", "Solution Items", "{4DFC655E-03BA-41EA-933B-ABDADD6B73E1}"
	ProjectSection(SolutionItems) = preProject
		Release.zip = Release.zip
	EndProjectSection
EndProject
Global
	GlobalSection(SolutionConfigurationPlatforms) = preSolution
		Debug|Win32 = Debug|Win32
		Release|Win32 = Release|Win32
	EndGlobalSection
	GlobalSection(ProjectConfigurationPlatforms) = postSolution
		{9F19FDF6-D885-467C-AB9C-FF9DC2B3F9BD}.Debug|Win32.ActiveCfg = Debug|Win32
		{9F19FDF6-D885-467C-AB9C-FF9DC2B3F9BD}.Debug|Win32.Build.0 = Debug|Win32
		{9F19FDF6-D885-467C-AB9C-FF9DC2B3F9BD}.Release|Win32.ActiveCfg = Release|Win32
		{9F19FDF6-D885-467C-AB9C-FF9DC2B3F9BD}.Release|Win32.Build.0 = Release|Win32
	EndGlobalSection
	GlobalSection(SolutionProperties) = preSolution
		HideSolutionNode = FALSE
	EndGlobalSection
EndGlobal
